
Microsoft Visual Studio Solution File, Format Version 12.00
# Visual Studio Version 16
VisualStudioVersion = 16.0.28729.10
MinimumVisualStudioVersion = 10.0.40219.1
Project("{FAE04EC0-301F-11D3-BF4B-00C04F79EFBC}") = "A2 Q3", "A2 Q3.csproj", "{987552FA-0A61-47D7-8402-E35B475C46F1}"
EndProject
Global
	GlobalSection(SolutionConfigurationPlatforms) = preSolution
		Debug|Any CPU = Debug|Any CPU
		Release|Any CPU = Release|Any CPU
	EndGlobalSection
	GlobalSection(ProjectConfigurationPlatforms) = postSolution
		{987552FA-0A61-47D7-8402-E35B475C46F1}.Debug|Any CPU.ActiveCfg = Debug|Any CPU
		{987552FA-0A61-47D7-8402-E35B475C46F1}.Debug|Any CPU.Build.0 = Debug|Any CPU
		{987552FA-0A61-47D7-8402-E35B475C46F1}.Release|Any CPU.ActiveCfg = Release|Any CPU
		{987552FA-0A61-47D7-8402-E35B475C46F1}.Release|Any CPU.Build.0 = Release|Any CPU
	EndGlobalSection
	GlobalSection(SolutionProperties) = preSolution
		HideSolutionNode = FALSE
	EndGlobalSection
	GlobalSection(ExtensibilityGlobals) = postSolution
		SolutionGuid = {8AB3EB70-2650-4C76-A0C1-407AA5920312}
	EndGlobalSection
EndGlobal
